// !$*UTF8*$!
{
	archiveVersion = 1;
	classes = {
	};
	objectVersion = 50;
	objects = {

/* Begin PBXBuildFile section */
		EC78D902207C88B600C5FD22 /* TextFieldCollectionViewCell.swift in Sources */ = {isa = PBXBuildFile; fileRef = EC78D901207C88B600C5FD22 /* TextFieldCollectionViewCell.swift */; };
		EC940E9D2077667800E43A2A /* AppDelegate.swift in Sources */ = {isa = PBXBuildFile; fileRef = EC940E9C2077667800E43A2A /* AppDelegate.swift */; };
		EC940EA22077667800E43A2A /* Main.storyboard in Resources */ = {isa = PBXBuildFile; fileRef = EC940EA02077667800E43A2A /* Main.storyboard */; };
		EC940EA42077667900E43A2A /* Assets.xcassets in Resources */ = {isa = PBXBuildFile; fileRef = EC940EA32077667900E43A2A /* Assets.xcassets */; };
		EC940EA72077667900E43A2A /* LaunchScreen.storyboard in Resources */ = {isa = PBXBuildFile; fileRef = EC940EA52077667900E43A2A /* LaunchScreen.storyboard */; };
		EC940EB0207766CD00E43A2A /* EmojiArtViewController.swift in Sources */ = {isa = PBXBuildFile; fileRef = EC940EAF207766CD00E43A2A /* EmojiArtViewController.swift */; };
		EC940EB22077670500E43A2A /* EmojiArtView.swift in Sources */ = {isa = PBXBuildFile; fileRef = EC940EB12077670500E43A2A /* EmojiArtView.swift */; };
		EC940EB420776AA600E43A2A /* Utilities.swift in Sources */ = {isa = PBXBuildFile; fileRef = EC940EB320776AA600E43A2A /* Utilities.swift */; };
		EC940EB6207778CA00E43A2A /* EmojiArtDocumentTableViewController.swift in Sources */ = {isa = PBXBuildFile; fileRef = EC940EB5207778CA00E43A2A /* EmojiArtDocumentTableViewController.swift */; };
		ECC4CFE2207B61AD0011925C /* EmojiCollectionViewCell.swift in Sources */ = {isa = PBXBuildFile; fileRef = ECC4CFE1207B61AD0011925C /* EmojiCollectionViewCell.swift */; };
		ECC4CFE4207B73DD0011925C /* EmojiArtView+Gestures.swift in Sources */ = {isa = PBXBuildFile; fileRef = ECC4CFE3207B73DD0011925C /* EmojiArtView+Gestures.swift */; };
/* End PBXBuildFile section */

/* Begin PBXFileReference section */
		EC78D901207C88B600C5FD22 /* TextFieldCollectionViewCell.swift */ = {isa = PBXFileReference; lastKnownFileType = sourcecode.swift; path = TextFieldCollectionViewCell.swift; sourceTree = "<group>"; };
		EC940E992077667800E43A2A /* EmojiArt.app */ = {isa = PBXFileReference; explicitFileType = wrapper.application; includeInIndex = 0; path = EmojiArt.app; sourceTree = BUILT_PRODUCTS_DIR; };
		EC940E9C2077667800E43A2A /* AppDelegate.swift */ = {isa = PBXFileReference; lastKnownFileType = sourcecode.swift; path = AppDelegate.swift; sourceTree = "<group>"; };
		EC940EA12077667800E43A2A /* Base */ = {isa = PBXFileReference; lastKnownFileType = file.storyboard; name = Base; path = Base.lproj/Main.storyboard; sourceTree = "<group>"; };
		EC940EA32077667900E43A2A /* Assets.xcassets */ = {isa = PBXFileReference; lastKnownFileType = folder.assetcatalog; path = Assets.xcassets; sourceTree = "<group>"; };
		EC940EA62077667900E43A2A /* Base */ = {isa = PBXFileReference; lastKnownFileType = file.storyboard; name = Base; path = Base.lproj/LaunchScreen.storyboard; sourceTree = "<group>"; };
		EC940EA82077667900E43A2A /* Info.plist */ = {isa = PBXFileReference; lastKnownFileType = text.plist.xml; path = Info.plist; sourceTree = "<group>"; };
		EC940EAF207766CD00E43A2A /* EmojiArtViewController.swift */ = {isa = PBXFileReference; lastKnownFileType = sourcecode.swift; path = EmojiArtViewController.swift; sourceTree = "<group>"; };
		EC940EB12077670500E43A2A /* EmojiArtView.swift */ = {isa = PBXFileReference; lastKnownFileType = sourcecode.swift; path = EmojiArtView.swift; sourceTree = "<group>"; };
		EC940EB320776AA600E43A2A /* Utilities.swift */ = {isa = PBXFileReference; lastKnownFileType = sourcecode.swift; path = Utilities.swift; sourceTree = "<group>"; };
		EC940EB5207778CA00E43A2A /* EmojiArtDocumentTableViewController.swift */ = {isa = PBXFileReference; lastKnownFileType = sourcecode.swift; path = EmojiArtDocumentTableViewController.swift; sourceTree = "<group>"; };
		ECC4CFE1207B61AD0011925C /* EmojiCollectionViewCell.swift */ = {isa = PBXFileReference; lastKnownFileType = sourcecode.swift; path = EmojiCollectionViewCell.swift; sourceTree = "<group>"; };
		ECC4CFE3207B73DD0011925C /* EmojiArtView+Gestures.swift */ = {isa = PBXFileReference; lastKnownFileType = sourcecode.swift; path = "EmojiArtView+Gestures.swift"; sourceTree = "<group>"; };
/* End PBXFileReference section */

/* Begin PBXFrameworksBuildPhase section */
		EC940E962077667800E43A2A /* Frameworks */ = {
			isa = PBXFrameworksBuildPhase;
			buildActionMask = 2147483647;
			files = (
			);
			runOnlyForDeploymentPostprocessing = 0;
		};
/* End PBXFrameworksBuildPhase section */

/* Begin PBXGroup section */
		EC940E902077667800E43A2A = {
			isa = PBXGroup;
			children = (
				EC940E9B2077667800E43A2A /* EmojiArt */,
				EC940E9A2077667800E43A2A /* Products */,
			);
			sourceTree = "<group>";
		};
		EC940E9A2077667800E43A2A /* Products */ = {
			isa = PBXGroup;
			children = (
				EC940E992077667800E43A2A /* EmojiArt.app */,
			);
			name = Products;
			sourceTree = "<group>";
		};
		EC940E9B2077667800E43A2A /* EmojiArt */ = {
			isa = PBXGroup;
			children = (
				EC940EAE2077668700E43A2A /* SupportingFiles */,
				EC940EA02077667800E43A2A /* Main.storyboard */,
				EC78D901207C88B600C5FD22 /* TextFieldCollectionViewCell.swift */,
				ECC4CFE1207B61AD0011925C /* EmojiCollectionViewCell.swift */,
				EC940EB5207778CA00E43A2A /* EmojiArtDocumentTableViewController.swift */,
				EC940EB12077670500E43A2A /* EmojiArtView.swift */,
				ECC4CFE3207B73DD0011925C /* EmojiArtView+Gestures.swift */,
				EC940EAF207766CD00E43A2A /* EmojiArtViewController.swift */,
				EC940EA82077667900E43A2A /* Info.plist */,
				EC940EB320776AA600E43A2A /* Utilities.swift */,
			);
			path = EmojiArt;
			sourceTree = "<group>";
		};
		EC940EAE2077668700E43A2A /* SupportingFiles */ = {
			isa = PBXGroup;
			children = (
				EC940E9C2077667800E43A2A /* AppDelegate.swift */,
				EC940EA32077667900E43A2A /* Assets.xcassets */,
				EC940EA52077667900E43A2A /* LaunchScreen.storyboard */,
			);
			path = SupportingFiles;
			sourceTree = "<group>";
		};
/* End PBXGroup section */

/* Begin PBXNativeTarget section */
		EC940E982077667800E43A2A /* EmojiArt */ = {
			isa = PBXNativeTarget;
			buildConfigurationList = EC940EAB2077667900E43A2A /* Build configuration list for PBXNativeTarget "EmojiArt" */;
			buildPhases = (
				EC940E952077667800E43A2A /* Sources */,
				EC940E962077667800E43A2A /* Frameworks */,
				EC940E972077667800E43A2A /* Resources */,
			);
			buildRules = (
			);
			dependencies = (
			);
			name = EmojiArt;
			productName = EmojiArt;
			productReference = EC940E992077667800E43A2A /* EmojiArt.app */;
			productType = "com.apple.product-type.application";
		};
/* End PBXNativeTarget section */

/* Begin PBXProject section */
		EC940E912077667800E43A2A /* Project object */ = {
			isa = PBXProject;
			attributes = {
				LastSwiftUpdateCheck = 0930;
				LastUpgradeCheck = 0930;
				ORGANIZATIONNAME = "牧野 壽永";
				TargetAttributes = {
					EC940E982077667800E43A2A = {
						CreatedOnToolsVersion = 9.3;
					};
				};
			};
			buildConfigurationList = EC940E942077667800E43A2A /* Build configuration list for PBXProject "EmojiArt" */;
			compatibilityVersion = "Xcode 9.3";
			developmentRegion = en;
			hasScannedForEncodings = 0;
			knownRegions = (
				en,
				Base,
			);
			mainGroup = EC940E902077667800E43A2A;
			productRefGroup = EC940E9A2077667800E43A2A /* Products */;
			projectDirPath = "";
			projectRoot = "";
			targets = (
				EC940E982077667800E43A2A /* EmojiArt */,
			);
		};
/* End PBXProject section */

/* Begin PBXResourcesBuildPhase section */
		EC940E972077667800E43A2A /* Resources */ = {
			isa = PBXResourcesBuildPhase;
			buildActionMask = 2147483647;
			files = (
				EC940EA72077667900E43A2A /* LaunchScreen.storyboard in Resources */,
				EC940EA42077667900E43A2A /* Assets.xcassets in Resources */,
				EC940EA22077667800E43A2A /* Main.storyboard in Resources */,
			);
			runOnlyForDeploymentPostprocessing = 0;
		};
/* End PBXResourcesBuildPhase section */

/* Begin PBXSourcesBuildPhase section */
		EC940E952077667800E43A2A /* Sources */ = {
			isa = PBXSourcesBuildPhase;
			buildActionMask = 2147483647;
			files = (
				EC940E9D2077667800E43A2A /* AppDelegate.swift in Sources */,
				ECC4CFE4207B73DD0011925C /* EmojiArtView+Gestures.swift in Sources */,
				ECC4CFE2207B61AD0011925C /* EmojiCollectionViewCell.swift in Sources */,
				EC940EB0207766CD00E43A2A /* EmojiArtViewController.swift in Sources */,
				EC78D902207C88B600C5FD22 /* TextFieldCollectionViewCell.swift in Sources */,
				EC940EB420776AA600E43A2A /* Utilities.swift in Sources */,
				EC940EB6207778CA00E43A2A /* EmojiArtDocumentTableViewController.swift in Sources */,
				EC940EB22077670500E43A2A /* EmojiArtView.swift in Sources */,
			);
			runOnlyForDeploymentPostprocessing = 0;
		};
/* End PBXSourcesBuildPhase section */

/* Begin PBXVariantGroup section */
		EC940EA02077667800E43A2A /* Main.storyboard */ = {
			isa = PBXVariantGroup;
			children = (
				EC940EA12077667800E43A2A /* Base */,
			);
			name = Main.storyboard;
			sourceTree = "<group>";
		};
		EC940EA52077667900E43A2A /* LaunchScreen.storyboard */ = {
			isa = PBXVariantGroup;
			children = (
				EC940EA62077667900E43A2A /* Base */,
			);
			name = LaunchScreen.storyboard;
			sourceTree = "<group>";
		};
/* End PBXVariantGroup section */

/* Begin XCBuildConfiguration section */
		EC940EA92077667900E43A2A /* Debug */ = {
			isa = XCBuildConfiguration;
			buildSettings = {
				ALWAYS_SEARCH_USER_PATHS = NO;
				CLANG_ANALYZER_NONNULL = YES;
				CLANG_ANALYZER_NUMBER_OBJECT_CONVERSION = YES_AGGRESSIVE;
				CLANG_CXX_LANGUAGE_STANDARD = "gnu++14";
				CLANG_CXX_LIBRARY = "libc++";
				CLANG_ENABLE_MODULES = YES;
				CLANG_ENABLE_OBJC_ARC = YES;
				CLANG_ENABLE_OBJC_WEAK = YES;
				CLANG_WARN_BLOCK_CAPTURE_AUTORELEASING = YES;
				CLANG_WARN_BOOL_CONVERSION = YES;
				CLANG_WARN_COMMA = YES;
				CLANG_WARN_CONSTANT_CONVERSION = YES;
				CLANG_WARN_DEPRECATED_OBJC_IMPLEMENTATIONS = YES;
				CLANG_WARN_DIRECT_OBJC_ISA_USAGE = YES_ERROR;
				CLANG_WARN_DOCUMENTATION_COMMENTS = YES;
				CLANG_WARN_EMPTY_BODY = YES;
				CLANG_WARN_ENUM_CONVERSION = YES;
				CLANG_WARN_INFINITE_RECURSION = YES;
				CLANG_WARN_INT_CONVERSION = YES;
				CLANG_WARN_NON_LITERAL_NULL_CONVERSION = YES;
				CLANG_WARN_OBJC_IMPLICIT_RETAIN_SELF = YES;
				CLANG_WARN_OBJC_LITERAL_CONVERSION = YES;
				CLANG_WARN_OBJC_ROOT_CLASS = YES_ERROR;
				CLANG_WARN_RANGE_LOOP_ANALYSIS = YES;
				CLANG_WARN_STRICT_PROTOTYPES = YES;
				CLANG_WARN_SUSPICIOUS_MOVE = YES;
				CLANG_WARN_UNGUARDED_AVAILABILITY = YES_AGGRESSIVE;
				CLANG_WARN_UNREACHABLE_CODE = YES;
				CLANG_WARN__DUPLICATE_METHOD_MATCH = YES;
				CODE_SIGN_IDENTITY = "iPhone Developer";
				COPY_PHASE_STRIP = NO;
				DEBUG_INFORMATION_FORMAT = dwarf;
				ENABLE_STRICT_OBJC_MSGSEND = YES;
				ENABLE_TESTABILITY = YES;
				GCC_C_LANGUAGE_STANDARD = gnu11;
				GCC_DYNAMIC_NO_PIC = NO;
				GCC_NO_COMMON_BLOCKS = YES;
				GCC_OPTIMIZATION_LEVEL = 0;
				GCC_PREPROCESSOR_DEFINITIONS = (
					"DEBUG=1",
					"$(inherited)",
				);
				GCC_WARN_64_TO_32_BIT_CONVERSION = YES;
				GCC_WARN_ABOUT_RETURN_TYPE = YES_ERROR;
				GCC_WARN_UNDECLARED_SELECTOR = YES;
				GCC_WARN_UNINITIALIZED_AUTOS = YES_AGGRESSIVE;
				GCC_WARN_UNUSED_FUNCTION = YES;
				GCC_WARN_UNUSED_VARIABLE = YES;
				IPHONEOS_DEPLOYMENT_TARGET = 11.3;
				MTL_ENABLE_DEBUG_INFO = YES;
				ONLY_ACTIVE_ARCH = YES;
				SDKROOT = iphoneos;
				SWIFT_ACTIVE_COMPILATION_CONDITIONS = DEBUG;
				SWIFT_OPTIMIZATION_LEVEL = "-Onone";
			};
			name = Debug;
		};
		EC940EAA2077667900E43A2A /* Release */ = {
			isa = XCBuildConfiguration;
			buildSettings = {
				ALWAYS_SEARCH_USER_PATHS = NO;
				CLANG_ANALYZER_NONNULL = YES;
				CLANG_ANALYZER_NUMBER_OBJECT_CONVERSION = YES_AGGRESSIVE;
				CLANG_CXX_LANGUAGE_STANDARD = "gnu++14";
				CLANG_CXX_LIBRARY = "libc++";
				CLANG_ENABLE_MODULES = YES;
				CLANG_ENABLE_OBJC_ARC = YES;
				CLANG_ENABLE_OBJC_WEAK = YES;
				CLANG_WARN_BLOCK_CAPTURE_AUTORELEASING = YES;
				CLANG_WARN_BOOL_CONVERSION = YES;
				CLANG_WARN_COMMA = YES;
				CLANG_WARN_CONSTANT_CONVERSION = YES;
				CLANG_WARN_DEPRECATED_OBJC_IMPLEMENTATIONS = YES;
				CLANG_WARN_DIRECT_OBJC_ISA_USAGE = YES_ERROR;
				CLANG_WARN_DOCUMENTATION_COMMENTS = YES;
				CLANG_WARN_EMPTY_BODY = YES;
				CLANG_WARN_ENUM_CONVERSION = YES;
				CLANG_WARN_INFINITE_RECURSION = YES;
				CLANG_WARN_INT_CONVERSION = YES;
				CLANG_WARN_NON_LITERAL_NULL_CONVERSION = YES;
				CLANG_WARN_OBJC_IMPLICIT_RETAIN_SELF = YES;
				CLANG_WARN_OBJC_LITERAL_CONVERSION = YES;
				CLANG_WARN_OBJC_ROOT_CLASS = YES_ERROR;
				CLANG_WARN_RANGE_LOOP_ANALYSIS = YES;
				CLANG_WARN_STRICT_PROTOTYPES = YES;
				CLANG_WARN_SUSPICIOUS_MOVE = YES;
				CLANG_WARN_UNGUARDED_AVAILABILITY = YES_AGGRESSIVE;
				CLANG_WARN_UNREACHABLE_CODE = YES;
				CLANG_WARN__DUPLICATE_METHOD_MATCH = YES;
				CODE_SIGN_IDENTITY = "iPhone Developer";
				COPY_PHASE_STRIP = NO;
				DEBUG_INFORMATION_FORMAT = "dwarf-with-dsym";
				ENABLE_NS_ASSERTIONS = NO;
				ENABLE_STRICT_OBJC_MSGSEND = YES;
				GCC_C_LANGUAGE_STANDARD = gnu11;
				GCC_NO_COMMON_BLOCKS = YES;
				GCC_WARN_64_TO_32_BIT_CONVERSION = YES;
				GCC_WARN_ABOUT_RETURN_TYPE = YES_ERROR;
				GCC_WARN_UNDECLARED_SELECTOR = YES;
				GCC_WARN_UNINITIALIZED_AUTOS = YES_AGGRESSIVE;
				GCC_WARN_UNUSED_FUNCTION = YES;
				GCC_WARN_UNUSED_VARIABLE = YES;
				IPHONEOS_DEPLOYMENT_TARGET = 11.3;
				MTL_ENABLE_DEBUG_INFO = NO;
				SDKROOT = iphoneos;
				SWIFT_COMPILATION_MODE = wholemodule;
				SWIFT_OPTIMIZATION_LEVEL = "-O";
				VALIDATE_PRODUCT = YES;
			};
			name = Release;
		};
		EC940EAC2077667900E43A2A /* Debug */ = {
			isa = XCBuildConfiguration;
			buildSettings = {
				ASSETCATALOG_COMPILER_APPICON_NAME = AppIcon;
				CODE_SIGN_STYLE = Automatic;
				DEVELOPMENT_TEAM = Y24FNTM2N4;
				INFOPLIST_FILE = EmojiArt/Info.plist;
				LD_RUNPATH_SEARCH_PATHS = (
					"$(inherited)",
					"@executable_path/Frameworks",
				);
				PRODUCT_BUNDLE_IDENTIFIER = net.yher.hisaboh.EmojiArt;
				PRODUCT_NAME = "$(TARGET_NAME)";
				SWIFT_VERSION = 4.0;
				TARGETED_DEVICE_FAMILY = "1,2";
			};
			name = Debug;
		};
		EC940EAD2077667900E43A2A /* Release */ = {
			isa = XCBuildConfiguration;
			buildSettings = {
				ASSETCATALOG_COMPILER_APPICON_NAME = AppIcon;
				CODE_SIGN_STYLE = Automatic;
				DEVELOPMENT_TEAM = Y24FNTM2N4;
				INFOPLIST_FILE = EmojiArt/Info.plist;
				LD_RUNPATH_SEARCH_PATHS = (
					"$(inherited)",
					"@executable_path/Frameworks",
				);
				PRODUCT_BUNDLE_IDENTIFIER = net.yher.hisaboh.EmojiArt;
				PRODUCT_NAME = "$(TARGET_NAME)";
				SWIFT_VERSION = 4.0;
				TARGETED_DEVICE_FAMILY = "1,2";
			};
			name = Release;
		};
/* End XCBuildConfiguration section */

/* Begin XCConfigurationList section */
		EC940E942077667800E43A2A /* Build configuration list for PBXProject "EmojiArt" */ = {
			isa = XCConfigurationList;
			buildConfigurations = (
				EC940EA92077667900E43A2A /* Debug */,
				EC940EAA2077667900E43A2A /* Release */,
			);
			defaultConfigurationIsVisible = 0;
			defaultConfigurationName = Release;
		};
		EC940EAB2077667900E43A2A /* Build configuration list for PBXNativeTarget "EmojiArt" */ = {
			isa = XCConfigurationList;
			buildConfigurations = (
				EC940EAC2077667900E43A2A /* Debug */,
				EC940EAD2077667900E43A2A /* Release */,
			);
			defaultConfigurationIsVisible = 0;
			defaultConfigurationName = Release;
		};
/* End XCConfigurationList section */
	};
	rootObject = EC940E912077667800E43A2A /* Project object */;
}
